
Microsoft Visual Studio Solution File, Format Version 12.00
# Visual Studio Version 16
VisualStudioVersion = 16.0.31129.286
MinimumVisualStudioVersion = 10.0.40219.1
Project("{FAE04EC0-301F-11D3-BF4B-00C04F79EFBC}") = "cj project", "cj project\cj project.csproj", "{90131FC0-661E-49FD-BC85-250626857727}"
EndProject
Global
	GlobalSection(SolutionConfigurationPlatforms) = preSolution
		Debug|Any CPU = Debug|Any CPU
		Release|Any CPU = Release|Any CPU
	EndGlobalSection
	GlobalSection(ProjectConfigurationPlatforms) = postSolution
		{90131FC0-661E-49FD-BC85-250626857727}.Debug|Any CPU.ActiveCfg = Debug|Any CPU
		{90131FC0-661E-49FD-BC85-250626857727}.Debug|Any CPU.Build.0 = Debug|Any CPU
		{90131FC0-661E-49FD-BC85-250626857727}.Release|Any CPU.ActiveCfg = Release|Any CPU
		{90131FC0-661E-49FD-BC85-250626857727}.Release|Any CPU.Build.0 = Release|Any CPU
	EndGlobalSection
	GlobalSection(SolutionProperties) = preSolution
		HideSolutionNode = FALSE
	EndGlobalSection
	GlobalSection(ExtensibilityGlobals) = postSolution
		SolutionGuid = {7E31C671-9A7F-41C3-8C37-107D9F1154B5}
	EndGlobalSection
EndGlobal
